// !$*UTF8*$!
{
	archiveVersion = 1;
	classes = {
	};
	objectVersion = 46;
	objects = {

/* Begin PBXBuildFile section */
		9F252B43144CBEF900410633 /* AppDelegate.m in Sources */ = {isa = PBXBuildFile; fileRef = 9F252B3F144CBEF900410633 /* AppDelegate.m */; };
		9F252B44144CBEF900410633 /* ContentViewController.m in Sources */ = {isa = PBXBuildFile; fileRef = 9F252B41144CBEF900410633 /* ContentViewController.m */; };
		9F252B45144CBEF900410633 /* ContentViewController.xib in Resources */ = {isa = PBXBuildFile; fileRef = 9F252B42144CBEF900410633 /* ContentViewController.xib */; };
		9F252B49144CBF0500410633 /* main.m in Sources */ = {isa = PBXBuildFile; fileRef = 9F252B46144CBF0400410633 /* main.m */; };
		9F75FF08144CA3B000C41DAE /* TPScrollBarController.m in Sources */ = {isa = PBXBuildFile; fileRef = 9F75FF01144CA24300C41DAE /* TPScrollBarController.m */; };
		9FFD3D6C144AE7EA009AE40F /* UIKit.framework in Frameworks */ = {isa = PBXBuildFile; fileRef = 9FFD3D6B144AE7EA009AE40F /* UIKit.framework */; };
		9FFD3D6E144AE7EA009AE40F /* Foundation.framework in Frameworks */ = {isa = PBXBuildFile; fileRef = 9FFD3D6D144AE7EA009AE40F /* Foundation.framework */; };
		9FFD3D70144AE7EA009AE40F /* CoreGraphics.framework in Frameworks */ = {isa = PBXBuildFile; fileRef = 9FFD3D6F144AE7EA009AE40F /* CoreGraphics.framework */; };
/* End PBXBuildFile section */

/* Begin PBXFileReference section */
		9F252B3E144CBEF900410633 /* AppDelegate.h */ = {isa = PBXFileReference; fileEncoding = 4; lastKnownFileType = sourcecode.c.h; name = AppDelegate.h; path = ScrollBarExample/Classes/AppDelegate.h; sourceTree = SOURCE_ROOT; };
		9F252B3F144CBEF900410633 /* AppDelegate.m */ = {isa = PBXFileReference; fileEncoding = 4; lastKnownFileType = sourcecode.c.objc; name = AppDelegate.m; path = ScrollBarExample/Classes/AppDelegate.m; sourceTree = SOURCE_ROOT; };
		9F252B40144CBEF900410633 /* ContentViewController.h */ = {isa = PBXFileReference; fileEncoding = 4; lastKnownFileType = sourcecode.c.h; name = ContentViewController.h; path = ScrollBarExample/Classes/ContentViewController.h; sourceTree = SOURCE_ROOT; };
		9F252B41144CBEF900410633 /* ContentViewController.m */ = {isa = PBXFileReference; fileEncoding = 4; lastKnownFileType = sourcecode.c.objc; name = ContentViewController.m; path = ScrollBarExample/Classes/ContentViewController.m; sourceTree = SOURCE_ROOT; };
		9F252B42144CBEF900410633 /* ContentViewController.xib */ = {isa = PBXFileReference; fileEncoding = 4; lastKnownFileType = file.xib; name = ContentViewController.xib; path = ScrollBarExample/Classes/ContentViewController.xib; sourceTree = SOURCE_ROOT; };
		9F252B46144CBF0400410633 /* main.m */ = {isa = PBXFileReference; fileEncoding = 4; lastKnownFileType = sourcecode.c.objc; name = main.m; path = ScrollBarExample/main.m; sourceTree = SOURCE_ROOT; };
		9F252B47144CBF0400410633 /* ScrollBarExample-Info.plist */ = {isa = PBXFileReference; fileEncoding = 4; lastKnownFileType = text.plist.xml; name = "ScrollBarExample-Info.plist"; path = "ScrollBarExample/ScrollBarExample-Info.plist"; sourceTree = SOURCE_ROOT; };
		9F252B48144CBF0400410633 /* ScrollBarExample-Prefix.pch */ = {isa = PBXFileReference; fileEncoding = 4; lastKnownFileType = sourcecode.c.h; name = "ScrollBarExample-Prefix.pch"; path = "ScrollBarExample/ScrollBarExample-Prefix.pch"; sourceTree = SOURCE_ROOT; };
		9F75FF00144CA24300C41DAE /* TPScrollBarController.h */ = {isa = PBXFileReference; fileEncoding = 4; lastKnownFileType = sourcecode.c.h; name = TPScrollBarController.h; path = ../TPScrollBarController.h; sourceTree = "<group>"; };
		9F75FF01144CA24300C41DAE /* TPScrollBarController.m */ = {isa = PBXFileReference; fileEncoding = 4; lastKnownFileType = sourcecode.c.objc; name = TPScrollBarController.m; path = ../TPScrollBarController.m; sourceTree = "<group>"; };
		9F75FF02144CA24300C41DAE /* TPScrollBarDelegate.h */ = {isa = PBXFileReference; fileEncoding = 4; lastKnownFileType = sourcecode.c.h; name = TPScrollBarDelegate.h; path = ../TPScrollBarDelegate.h; sourceTree = "<group>"; };
		9FFD3D67144AE7EA009AE40F /* ScrollBarExample.app */ = {isa = PBXFileReference; explicitFileType = wrapper.application; includeInIndex = 0; path = ScrollBarExample.app; sourceTree = BUILT_PRODUCTS_DIR; };
		9FFD3D6B144AE7EA009AE40F /* UIKit.framework */ = {isa = PBXFileReference; lastKnownFileType = wrapper.framework; name = UIKit.framework; path = System/Library/Frameworks/UIKit.framework; sourceTree = SDKROOT; };
		9FFD3D6D144AE7EA009AE40F /* Foundation.framework */ = {isa = PBXFileReference; lastKnownFileType = wrapper.framework; name = Foundation.framework; path = System/Library/Frameworks/Foundation.framework; sourceTree = SDKROOT; };
		9FFD3D6F144AE7EA009AE40F /* CoreGraphics.framework */ = {isa = PBXFileReference; lastKnownFileType = wrapper.framework; name = CoreGraphics.framework; path = System/Library/Frameworks/CoreGraphics.framework; sourceTree = SDKROOT; };
/* End PBXFileReference section */

/* Begin PBXFrameworksBuildPhase section */
		9FFD3D64144AE7EA009AE40F /* Frameworks */ = {
			isa = PBXFrameworksBuildPhase;
			buildActionMask = 2147483647;
			files = (
				9FFD3D6C144AE7EA009AE40F /* UIKit.framework in Frameworks */,
				9FFD3D6E144AE7EA009AE40F /* Foundation.framework in Frameworks */,
				9FFD3D70144AE7EA009AE40F /* CoreGraphics.framework in Frameworks */,
			);
			runOnlyForDeploymentPostprocessing = 0;
		};
/* End PBXFrameworksBuildPhase section */

/* Begin PBXGroup section */
		9F75FF04144CA24D00C41DAE /* TPScrollBarController */ = {
			isa = PBXGroup;
			children = (
				9F75FF00144CA24300C41DAE /* TPScrollBarController.h */,
				9F75FF01144CA24300C41DAE /* TPScrollBarController.m */,
				9F75FF02144CA24300C41DAE /* TPScrollBarDelegate.h */,
			);
			name = TPScrollBarController;
			sourceTree = "<group>";
		};
		9FFD3D5C144AE7EA009AE40F = {
			isa = PBXGroup;
			children = (
				9FFD3D71144AE7EA009AE40F /* ScrollBarExample */,
				9F75FF04144CA24D00C41DAE /* TPScrollBarController */,
				9FFD3D6A144AE7EA009AE40F /* Frameworks */,
				9FFD3D68144AE7EA009AE40F /* Products */,
			);
			sourceTree = "<group>";
		};
		9FFD3D68144AE7EA009AE40F /* Products */ = {
			isa = PBXGroup;
			children = (
				9FFD3D67144AE7EA009AE40F /* ScrollBarExample.app */,
			);
			name = Products;
			sourceTree = "<group>";
		};
		9FFD3D6A144AE7EA009AE40F /* Frameworks */ = {
			isa = PBXGroup;
			children = (
				9FFD3D6B144AE7EA009AE40F /* UIKit.framework */,
				9FFD3D6D144AE7EA009AE40F /* Foundation.framework */,
				9FFD3D6F144AE7EA009AE40F /* CoreGraphics.framework */,
			);
			name = Frameworks;
			sourceTree = "<group>";
		};
		9FFD3D71144AE7EA009AE40F /* ScrollBarExample */ = {
			isa = PBXGroup;
			children = (
				9F252B3E144CBEF900410633 /* AppDelegate.h */,
				9F252B3F144CBEF900410633 /* AppDelegate.m */,
				9F252B40144CBEF900410633 /* ContentViewController.h */,
				9F252B41144CBEF900410633 /* ContentViewController.m */,
				9F252B42144CBEF900410633 /* ContentViewController.xib */,
				9FFD3D72144AE7EA009AE40F /* Supporting Files */,
			);
			name = ScrollBarExample;
			path = TPScrollBarController;
			sourceTree = "<group>";
		};
		9FFD3D72144AE7EA009AE40F /* Supporting Files */ = {
			isa = PBXGroup;
			children = (
				9F252B46144CBF0400410633 /* main.m */,
				9F252B47144CBF0400410633 /* ScrollBarExample-Info.plist */,
				9F252B48144CBF0400410633 /* ScrollBarExample-Prefix.pch */,
			);
			name = "Supporting Files";
			sourceTree = "<group>";
		};
/* End PBXGroup section */

/* Begin PBXNativeTarget section */
		9FFD3D66144AE7EA009AE40F /* ScrollBarExample */ = {
			isa = PBXNativeTarget;
			buildConfigurationList = 9FFD3D7F144AE7EA009AE40F /* Build configuration list for PBXNativeTarget "ScrollBarExample" */;
			buildPhases = (
				9FFD3D63144AE7EA009AE40F /* Sources */,
				9FFD3D64144AE7EA009AE40F /* Frameworks */,
				9FFD3D65144AE7EA009AE40F /* Resources */,
			);
			buildRules = (
			);
			dependencies = (
			);
			name = ScrollBarExample;
			productName = TPScrollBarController;
			productReference = 9FFD3D67144AE7EA009AE40F /* ScrollBarExample.app */;
			productType = "com.apple.product-type.application";
		};
/* End PBXNativeTarget section */

/* Begin PBXProject section */
		9FFD3D5E144AE7EA009AE40F /* Project object */ = {
			isa = PBXProject;
			attributes = {
				LastUpgradeCheck = 0420;
			};
			buildConfigurationList = 9FFD3D61144AE7EA009AE40F /* Build configuration list for PBXProject "ScrollBarExample" */;
			compatibilityVersion = "Xcode 3.2";
			developmentRegion = English;
			hasScannedForEncodings = 0;
			knownRegions = (
				en,
			);
			mainGroup = 9FFD3D5C144AE7EA009AE40F;
			productRefGroup = 9FFD3D68144AE7EA009AE40F /* Products */;
			projectDirPath = "";
			projectRoot = "";
			targets = (
				9FFD3D66144AE7EA009AE40F /* ScrollBarExample */,
			);
		};
/* End PBXProject section */

/* Begin PBXResourcesBuildPhase section */
		9FFD3D65144AE7EA009AE40F /* Resources */ = {
			isa = PBXResourcesBuildPhase;
			buildActionMask = 2147483647;
			files = (
				9F252B45144CBEF900410633 /* ContentViewController.xib in Resources */,
			);
			runOnlyForDeploymentPostprocessing = 0;
		};
/* End PBXResourcesBuildPhase section */

/* Begin PBXSourcesBuildPhase section */
		9FFD3D63144AE7EA009AE40F /* Sources */ = {
			isa = PBXSourcesBuildPhase;
			buildActionMask = 2147483647;
			files = (
				9F75FF08144CA3B000C41DAE /* TPScrollBarController.m in Sources */,
				9F252B43144CBEF900410633 /* AppDelegate.m in Sources */,
				9F252B44144CBEF900410633 /* ContentViewController.m in Sources */,
				9F252B49144CBF0500410633 /* main.m in Sources */,
			);
			runOnlyForDeploymentPostprocessing = 0;
		};
/* End PBXSourcesBuildPhase section */

/* Begin XCBuildConfiguration section */
		9FFD3D7D144AE7EA009AE40F /* Debug */ = {
			isa = XCBuildConfiguration;
			buildSettings = {
				ALWAYS_SEARCH_USER_PATHS = NO;
				ARCHS = "$(ARCHS_STANDARD_32_BIT)";
				CLANG_ENABLE_OBJC_ARC = YES;
				"CODE_SIGN_IDENTITY[sdk=iphoneos*]" = "iPhone Developer";
				CONFIGURATION_TEMP_DIR = "$(PROJECT_TEMP_DIR)/$(CONFIGURATION)$(EFFECTIVE_PLATFORM_NAME)";
				COPY_PHASE_STRIP = NO;
				GCC_C_LANGUAGE_STANDARD = gnu99;
				GCC_DYNAMIC_NO_PIC = NO;
				GCC_OPTIMIZATION_LEVEL = 0;
				GCC_PREPROCESSOR_DEFINITIONS = (
					"DEBUG=1",
					"$(inherited)",
				);
				GCC_SYMBOLS_PRIVATE_EXTERN = NO;
				GCC_VERSION = com.apple.compilers.llvm.clang.1_0;
				GCC_WARN_ABOUT_MISSING_PROTOTYPES = YES;
				GCC_WARN_ABOUT_RETURN_TYPE = YES;
				GCC_WARN_UNUSED_VARIABLE = YES;
				IPHONEOS_DEPLOYMENT_TARGET = 5.0;
				SDKROOT = iphoneos;
			};
			name = Debug;
		};
		9FFD3D7E144AE7EA009AE40F /* Release */ = {
			isa = XCBuildConfiguration;
			buildSettings = {
				ALWAYS_SEARCH_USER_PATHS = NO;
				ARCHS = "$(ARCHS_STANDARD_32_BIT)";
				CLANG_ENABLE_OBJC_ARC = YES;
				"CODE_SIGN_IDENTITY[sdk=iphoneos*]" = "iPhone Developer";
				COPY_PHASE_STRIP = YES;
				GCC_C_LANGUAGE_STANDARD = gnu99;
				GCC_VERSION = com.apple.compilers.llvm.clang.1_0;
				GCC_WARN_ABOUT_MISSING_PROTOTYPES = YES;
				GCC_WARN_ABOUT_RETURN_TYPE = YES;
				GCC_WARN_UNUSED_VARIABLE = YES;
				IPHONEOS_DEPLOYMENT_TARGET = 5.0;
				OTHER_CFLAGS = "-DNS_BLOCK_ASSERTIONS=1";
				SDKROOT = iphoneos;
				VALIDATE_PRODUCT = YES;
			};
			name = Release;
		};
		9FFD3D80144AE7EA009AE40F /* Debug */ = {
			isa = XCBuildConfiguration;
			buildSettings = {
				GCC_PRECOMPILE_PREFIX_HEADER = YES;
				GCC_PREFIX_HEADER = "ScrollBarExample/ScrollBarExample-Prefix.pch";
				INFOPLIST_FILE = "ScrollBarExample/ScrollBarExample-Info.plist";
				PRODUCT_NAME = ScrollBarExample;
				WRAPPER_EXTENSION = app;
			};
			name = Debug;
		};
		9FFD3D81144AE7EA009AE40F /* Release */ = {
			isa = XCBuildConfiguration;
			buildSettings = {
				GCC_PRECOMPILE_PREFIX_HEADER = YES;
				GCC_PREFIX_HEADER = "ScrollBarExample/ScrollBarExample-Prefix.pch";
				INFOPLIST_FILE = "ScrollBarExample/ScrollBarExample-Info.plist";
				PRODUCT_NAME = ScrollBarExample;
				WRAPPER_EXTENSION = app;
			};
			name = Release;
		};
/* End XCBuildConfiguration section */

/* Begin XCConfigurationList section */
		9FFD3D61144AE7EA009AE40F /* Build configuration list for PBXProject "ScrollBarExample" */ = {
			isa = XCConfigurationList;
			buildConfigurations = (
				9FFD3D7D144AE7EA009AE40F /* Debug */,
				9FFD3D7E144AE7EA009AE40F /* Release */,
			);
			defaultConfigurationIsVisible = 0;
			defaultConfigurationName = Release;
		};
		9FFD3D7F144AE7EA009AE40F /* Build configuration list for PBXNativeTarget "ScrollBarExample" */ = {
			isa = XCConfigurationList;
			buildConfigurations = (
				9FFD3D80144AE7EA009AE40F /* Debug */,
				9FFD3D81144AE7EA009AE40F /* Release */,
			);
			defaultConfigurationIsVisible = 0;
			defaultConfigurationName = Release;
		};
/* End XCConfigurationList section */
	};
	rootObject = 9FFD3D5E144AE7EA009AE40F /* Project object */;
}
